
Microsoft Visual Studio Solution File, Format Version 12.00
# Visual Studio Version 17
VisualStudioVersion = 17.9.34607.119
MinimumVisualStudioVersion = 10.0.40219.1
Project("{9A19103F-16F7-4668-BE54-9A1E7A4F7556}") = "GraphicsHostApp", "GraphicsHostApp\GraphicsHostApp.csproj", "{0A288C9D-FDA5-4958-A171-7E2449037958}"
EndProject
Project("{9A19103F-16F7-4668-BE54-9A1E7A4F7556}") = "GraphicsHostApp.Desktop", "GraphicsHostApp.Desktop\GraphicsHostApp.Desktop.csproj", "{C54E05B4-3A5A-4552-B112-366E7E38B904}"
EndProject
Project("{2150E333-8FDC-42A3-9474-1A3956D46DE8}") = "解决方案项", "解决方案项", "{9415F1A5-165E-48DE-928A-6291D2E3460A}"
	ProjectSection(SolutionItems) = preProject
		.gitattributes = .gitattributes
		.gitignore = .gitignore
		README.md = README.md
	EndProjectSection
EndProject
Global
	GlobalSection(SolutionConfigurationPlatforms) = preSolution
		Debug|Any CPU = Debug|Any CPU
		Release|Any CPU = Release|Any CPU
	EndGlobalSection
	GlobalSection(ProjectConfigurationPlatforms) = postSolution
		{0A288C9D-FDA5-4958-A171-7E2449037958}.Debug|Any CPU.ActiveCfg = Debug|Any CPU
		{0A288C9D-FDA5-4958-A171-7E2449037958}.Debug|Any CPU.Build.0 = Debug|Any CPU
		{0A288C9D-FDA5-4958-A171-7E2449037958}.Release|Any CPU.ActiveCfg = Release|Any CPU
		{0A288C9D-FDA5-4958-A171-7E2449037958}.Release|Any CPU.Build.0 = Release|Any CPU
		{C54E05B4-3A5A-4552-B112-366E7E38B904}.Debug|Any CPU.ActiveCfg = Debug|Any CPU
		{C54E05B4-3A5A-4552-B112-366E7E38B904}.Debug|Any CPU.Build.0 = Debug|Any CPU
		{C54E05B4-3A5A-4552-B112-366E7E38B904}.Release|Any CPU.ActiveCfg = Release|Any CPU
		{C54E05B4-3A5A-4552-B112-366E7E38B904}.Release|Any CPU.Build.0 = Release|Any CPU
	EndGlobalSection
	GlobalSection(SolutionProperties) = preSolution
		HideSolutionNode = FALSE
	EndGlobalSection
	GlobalSection(ExtensibilityGlobals) = postSolution
		SolutionGuid = {983D7867-7247-4151-ACC3-2320FD2150D3}
	EndGlobalSection
EndGlobal
